// !$*UTF8*$!
{
	archiveVersion = 1;
	classes = {
	};
	objectVersion = 56;
	objects = {

/* Begin PBXBuildFile section */
		1F4B12652B73BECB003FCF21 /* AppDelegate.swift in Sources */ = {isa = PBXBuildFile; fileRef = 1F4B12642B73BECB003FCF21 /* AppDelegate.swift */; };
		1F4B12692B73BECB003FCF21 /* ViewController.swift in Sources */ = {isa = PBXBuildFile; fileRef = 1F4B12682B73BECB003FCF21 /* ViewController.swift */; };
		1F4B126C2B73BECB003FCF21 /* Main.storyboard in Resources */ = {isa = PBXBuildFile; fileRef = 1F4B126A2B73BECB003FCF21 /* Main.storyboard */; };
		1F4B126E2B73BECC003FCF21 /* Assets.xcassets in Resources */ = {isa = PBXBuildFile; fileRef = 1F4B126D2B73BECC003FCF21 /* Assets.xcassets */; };
		1F4B12712B73BECC003FCF21 /* LaunchScreen.storyboard in Resources */ = {isa = PBXBuildFile; fileRef = 1F4B126F2B73BECC003FCF21 /* LaunchScreen.storyboard */; };
		1F4B127C2B73BECD003FCF21 /* iOS_TestingTests.swift in Sources */ = {isa = PBXBuildFile; fileRef = 1F4B127B2B73BECD003FCF21 /* iOS_TestingTests.swift */; };
		1F4B12862B73BECD003FCF21 /* iOS_TestingUITests.swift in Sources */ = {isa = PBXBuildFile; fileRef = 1F4B12852B73BECD003FCF21 /* iOS_TestingUITests.swift */; };
		1F4B12882B73BECD003FCF21 /* iOS_TestingUITestsLaunchTests.swift in Sources */ = {isa = PBXBuildFile; fileRef = 1F4B12872B73BECD003FCF21 /* iOS_TestingUITestsLaunchTests.swift */; };
		1F4B12962B745515003FCF21 /* BaseNavigationController.swift in Sources */ = {isa = PBXBuildFile; fileRef = 1F4B12952B745515003FCF21 /* BaseNavigationController.swift */; };
		1F4B129A2B745681003FCF21 /* HomeViewController.swift in Sources */ = {isa = PBXBuildFile; fileRef = 1F4B12982B745681003FCF21 /* HomeViewController.swift */; };
		1F4B129B2B745681003FCF21 /* HomeViewController.xib in Resources */ = {isa = PBXBuildFile; fileRef = 1F4B12992B745681003FCF21 /* HomeViewController.xib */; };
		1F4B129E2B747198003FCF21 /* TableViewCell.swift in Sources */ = {isa = PBXBuildFile; fileRef = 1F4B129C2B747198003FCF21 /* TableViewCell.swift */; };
		1F4B129F2B747198003FCF21 /* TableViewCell.xib in Resources */ = {isa = PBXBuildFile; fileRef = 1F4B129D2B747198003FCF21 /* TableViewCell.xib */; };
		1F4B12A32B74816C003FCF21 /* HomeDetailViewController.swift in Sources */ = {isa = PBXBuildFile; fileRef = 1F4B12A12B74816C003FCF21 /* HomeDetailViewController.swift */; };
		1F4B12A42B74816C003FCF21 /* HomeDetailViewController.xib in Resources */ = {isa = PBXBuildFile; fileRef = 1F4B12A22B74816C003FCF21 /* HomeDetailViewController.xib */; };
/* End PBXBuildFile section */

/* Begin PBXContainerItemProxy section */
		1F4B12782B73BECD003FCF21 /* PBXContainerItemProxy */ = {
			isa = PBXContainerItemProxy;
			containerPortal = 1F4B12592B73BECA003FCF21 /* Project object */;
			proxyType = 1;
			remoteGlobalIDString = 1F4B12602B73BECB003FCF21;
			remoteInfo = "iOS Testing";
		};
		1F4B12822B73BECD003FCF21 /* PBXContainerItemProxy */ = {
			isa = PBXContainerItemProxy;
			containerPortal = 1F4B12592B73BECA003FCF21 /* Project object */;
			proxyType = 1;
			remoteGlobalIDString = 1F4B12602B73BECB003FCF21;
			remoteInfo = "iOS Testing";
		};
/* End PBXContainerItemProxy section */

/* Begin PBXFileReference section */
		1F4B12612B73BECB003FCF21 /* iOS Testing.app */ = {isa = PBXFileReference; explicitFileType = wrapper.application; includeInIndex = 0; path = "iOS Testing.app"; sourceTree = BUILT_PRODUCTS_DIR; };
		1F4B12642B73BECB003FCF21 /* AppDelegate.swift */ = {isa = PBXFileReference; lastKnownFileType = sourcecode.swift; path = AppDelegate.swift; sourceTree = "<group>"; };
		1F4B12682B73BECB003FCF21 /* ViewController.swift */ = {isa = PBXFileReference; lastKnownFileType = sourcecode.swift; path = ViewController.swift; sourceTree = "<group>"; };
		1F4B126B2B73BECB003FCF21 /* Base */ = {isa = PBXFileReference; lastKnownFileType = file.storyboard; name = Base; path = Base.lproj/Main.storyboard; sourceTree = "<group>"; };
		1F4B126D2B73BECC003FCF21 /* Assets.xcassets */ = {isa = PBXFileReference; lastKnownFileType = folder.assetcatalog; path = Assets.xcassets; sourceTree = "<group>"; };
		1F4B12702B73BECC003FCF21 /* Base */ = {isa = PBXFileReference; lastKnownFileType = file.storyboard; name = Base; path = Base.lproj/LaunchScreen.storyboard; sourceTree = "<group>"; };
		1F4B12722B73BECC003FCF21 /* Info.plist */ = {isa = PBXFileReference; lastKnownFileType = text.plist.xml; path = Info.plist; sourceTree = "<group>"; };
		1F4B12772B73BECD003FCF21 /* iOS TestingTests.xctest */ = {isa = PBXFileReference; explicitFileType = wrapper.cfbundle; includeInIndex = 0; path = "iOS TestingTests.xctest"; sourceTree = BUILT_PRODUCTS_DIR; };
		1F4B127B2B73BECD003FCF21 /* iOS_TestingTests.swift */ = {isa = PBXFileReference; lastKnownFileType = sourcecode.swift; path = iOS_TestingTests.swift; sourceTree = "<group>"; };
		1F4B12812B73BECD003FCF21 /* iOS TestingUITests.xctest */ = {isa = PBXFileReference; explicitFileType = wrapper.cfbundle; includeInIndex = 0; path = "iOS TestingUITests.xctest"; sourceTree = BUILT_PRODUCTS_DIR; };
		1F4B12852B73BECD003FCF21 /* iOS_TestingUITests.swift */ = {isa = PBXFileReference; lastKnownFileType = sourcecode.swift; path = iOS_TestingUITests.swift; sourceTree = "<group>"; };
		1F4B12872B73BECD003FCF21 /* iOS_TestingUITestsLaunchTests.swift */ = {isa = PBXFileReference; lastKnownFileType = sourcecode.swift; path = iOS_TestingUITestsLaunchTests.swift; sourceTree = "<group>"; };
		1F4B12952B745515003FCF21 /* BaseNavigationController.swift */ = {isa = PBXFileReference; lastKnownFileType = sourcecode.swift; path = BaseNavigationController.swift; sourceTree = "<group>"; };
		1F4B12982B745681003FCF21 /* HomeViewController.swift */ = {isa = PBXFileReference; lastKnownFileType = sourcecode.swift; path = HomeViewController.swift; sourceTree = "<group>"; };
		1F4B12992B745681003FCF21 /* HomeViewController.xib */ = {isa = PBXFileReference; lastKnownFileType = file.xib; path = HomeViewController.xib; sourceTree = "<group>"; };
		1F4B129C2B747198003FCF21 /* TableViewCell.swift */ = {isa = PBXFileReference; lastKnownFileType = sourcecode.swift; path = TableViewCell.swift; sourceTree = "<group>"; };
		1F4B129D2B747198003FCF21 /* TableViewCell.xib */ = {isa = PBXFileReference; lastKnownFileType = file.xib; path = TableViewCell.xib; sourceTree = "<group>"; };
		1F4B12A12B74816C003FCF21 /* HomeDetailViewController.swift */ = {isa = PBXFileReference; lastKnownFileType = sourcecode.swift; path = HomeDetailViewController.swift; sourceTree = "<group>"; };
		1F4B12A22B74816C003FCF21 /* HomeDetailViewController.xib */ = {isa = PBXFileReference; lastKnownFileType = file.xib; path = HomeDetailViewController.xib; sourceTree = "<group>"; };
/* End PBXFileReference section */

/* Begin PBXFrameworksBuildPhase section */
		1F4B125E2B73BECB003FCF21 /* Frameworks */ = {
			isa = PBXFrameworksBuildPhase;
			buildActionMask = 2147483647;
			files = (
			);
			runOnlyForDeploymentPostprocessing = 0;
		};
		1F4B12742B73BECD003FCF21 /* Frameworks */ = {
			isa = PBXFrameworksBuildPhase;
			buildActionMask = 2147483647;
			files = (
			);
			runOnlyForDeploymentPostprocessing = 0;
		};
		1F4B127E2B73BECD003FCF21 /* Frameworks */ = {
			isa = PBXFrameworksBuildPhase;
			buildActionMask = 2147483647;
			files = (
			);
			runOnlyForDeploymentPostprocessing = 0;
		};
/* End PBXFrameworksBuildPhase section */

/* Begin PBXGroup section */
		1F4B12582B73BECA003FCF21 = {
			isa = PBXGroup;
			children = (
				1F4B12632B73BECB003FCF21 /* iOS Testing */,
				1F4B127A2B73BECD003FCF21 /* iOS TestingTests */,
				1F4B12842B73BECD003FCF21 /* iOS TestingUITests */,
				1F4B12622B73BECB003FCF21 /* Products */,
			);
			sourceTree = "<group>";
		};
		1F4B12622B73BECB003FCF21 /* Products */ = {
			isa = PBXGroup;
			children = (
				1F4B12612B73BECB003FCF21 /* iOS Testing.app */,
				1F4B12772B73BECD003FCF21 /* iOS TestingTests.xctest */,
				1F4B12812B73BECD003FCF21 /* iOS TestingUITests.xctest */,
			);
			name = Products;
			sourceTree = "<group>";
		};
		1F4B12632B73BECB003FCF21 /* iOS Testing */ = {
			isa = PBXGroup;
			children = (
				1F4B12A02B748131003FCF21 /* HomeDetailPages */,
				1F4B12972B745655003FCF21 /* HomePages */,
				1F4B12942B74549D003FCF21 /* Helper */,
				1F4B12642B73BECB003FCF21 /* AppDelegate.swift */,
				1F4B12682B73BECB003FCF21 /* ViewController.swift */,
				1F4B126A2B73BECB003FCF21 /* Main.storyboard */,
				1F4B126D2B73BECC003FCF21 /* Assets.xcassets */,
				1F4B126F2B73BECC003FCF21 /* LaunchScreen.storyboard */,
				1F4B12722B73BECC003FCF21 /* Info.plist */,
			);
			path = "iOS Testing";
			sourceTree = "<group>";
		};
		1F4B127A2B73BECD003FCF21 /* iOS TestingTests */ = {
			isa = PBXGroup;
			children = (
				1F4B127B2B73BECD003FCF21 /* iOS_TestingTests.swift */,
			);
			path = "iOS TestingTests";
			sourceTree = "<group>";
		};
		1F4B12842B73BECD003FCF21 /* iOS TestingUITests */ = {
			isa = PBXGroup;
			children = (
				1F4B12852B73BECD003FCF21 /* iOS_TestingUITests.swift */,
				1F4B12872B73BECD003FCF21 /* iOS_TestingUITestsLaunchTests.swift */,
			);
			path = "iOS TestingUITests";
			sourceTree = "<group>";
		};
		1F4B12942B74549D003FCF21 /* Helper */ = {
			isa = PBXGroup;
			children = (
				1F4B12952B745515003FCF21 /* BaseNavigationController.swift */,
			);
			path = Helper;
			sourceTree = "<group>";
		};
		1F4B12972B745655003FCF21 /* HomePages */ = {
			isa = PBXGroup;
			children = (
				1F4B12982B745681003FCF21 /* HomeViewController.swift */,
				1F4B12992B745681003FCF21 /* HomeViewController.xib */,
				1F4B129C2B747198003FCF21 /* TableViewCell.swift */,
				1F4B129D2B747198003FCF21 /* TableViewCell.xib */,
			);
			path = HomePages;
			sourceTree = "<group>";
		};
		1F4B12A02B748131003FCF21 /* HomeDetailPages */ = {
			isa = PBXGroup;
			children = (
				1F4B12A12B74816C003FCF21 /* HomeDetailViewController.swift */,
				1F4B12A22B74816C003FCF21 /* HomeDetailViewController.xib */,
			);
			path = HomeDetailPages;
			sourceTree = "<group>";
		};
/* End PBXGroup section */

/* Begin PBXNativeTarget section */
		1F4B12602B73BECB003FCF21 /* iOS Testing */ = {
			isa = PBXNativeTarget;
			buildConfigurationList = 1F4B128B2B73BECD003FCF21 /* Build configuration list for PBXNativeTarget "iOS Testing" */;
			buildPhases = (
				1F4B125D2B73BECB003FCF21 /* Sources */,
				1F4B125E2B73BECB003FCF21 /* Frameworks */,
				1F4B125F2B73BECB003FCF21 /* Resources */,
			);
			buildRules = (
			);
			dependencies = (
			);
			name = "iOS Testing";
			productName = "iOS Testing";
			productReference = 1F4B12612B73BECB003FCF21 /* iOS Testing.app */;
			productType = "com.apple.product-type.application";
		};
		1F4B12762B73BECD003FCF21 /* iOS TestingTests */ = {
			isa = PBXNativeTarget;
			buildConfigurationList = 1F4B128E2B73BECD003FCF21 /* Build configuration list for PBXNativeTarget "iOS TestingTests" */;
			buildPhases = (
				1F4B12732B73BECD003FCF21 /* Sources */,
				1F4B12742B73BECD003FCF21 /* Frameworks */,
				1F4B12752B73BECD003FCF21 /* Resources */,
			);
			buildRules = (
			);
			dependencies = (
				1F4B12792B73BECD003FCF21 /* PBXTargetDependency */,
			);
			name = "iOS TestingTests";
			productName = "iOS TestingTests";
			productReference = 1F4B12772B73BECD003FCF21 /* iOS TestingTests.xctest */;
			productType = "com.apple.product-type.bundle.unit-test";
		};
		1F4B12802B73BECD003FCF21 /* iOS TestingUITests */ = {
			isa = PBXNativeTarget;
			buildConfigurationList = 1F4B12912B73BECD003FCF21 /* Build configuration list for PBXNativeTarget "iOS TestingUITests" */;
			buildPhases = (
				1F4B127D2B73BECD003FCF21 /* Sources */,
				1F4B127E2B73BECD003FCF21 /* Frameworks */,
				1F4B127F2B73BECD003FCF21 /* Resources */,
			);
			buildRules = (
			);
			dependencies = (
				1F4B12832B73BECD003FCF21 /* PBXTargetDependency */,
			);
			name = "iOS TestingUITests";
			productName = "iOS TestingUITests";
			productReference = 1F4B12812B73BECD003FCF21 /* iOS TestingUITests.xctest */;
			productType = "com.apple.product-type.bundle.ui-testing";
		};
/* End PBXNativeTarget section */

/* Begin PBXProject section */
		1F4B12592B73BECA003FCF21 /* Project object */ = {
			isa = PBXProject;
			attributes = {
				BuildIndependentTargetsInParallel = 1;
				LastSwiftUpdateCheck = 1420;
				LastUpgradeCheck = 1420;
				TargetAttributes = {
					1F4B12602B73BECB003FCF21 = {
						CreatedOnToolsVersion = 14.2;
					};
					1F4B12762B73BECD003FCF21 = {
						CreatedOnToolsVersion = 14.2;
						TestTargetID = 1F4B12602B73BECB003FCF21;
					};
					1F4B12802B73BECD003FCF21 = {
						CreatedOnToolsVersion = 14.2;
						TestTargetID = 1F4B12602B73BECB003FCF21;
					};
				};
			};
			buildConfigurationList = 1F4B125C2B73BECA003FCF21 /* Build configuration list for PBXProject "iOS Testing" */;
			compatibilityVersion = "Xcode 14.0";
			developmentRegion = en;
			hasScannedForEncodings = 0;
			knownRegions = (
				en,
				Base,
			);
			mainGroup = 1F4B12582B73BECA003FCF21;
			productRefGroup = 1F4B12622B73BECB003FCF21 /* Products */;
			projectDirPath = "";
			projectRoot = "";
			targets = (
				1F4B12602B73BECB003FCF21 /* iOS Testing */,
				1F4B12762B73BECD003FCF21 /* iOS TestingTests */,
				1F4B12802B73BECD003FCF21 /* iOS TestingUITests */,
			);
		};
/* End PBXProject section */

/* Begin PBXResourcesBuildPhase section */
		1F4B125F2B73BECB003FCF21 /* Resources */ = {
			isa = PBXResourcesBuildPhase;
			buildActionMask = 2147483647;
			files = (
				1F4B12712B73BECC003FCF21 /* LaunchScreen.storyboard in Resources */,
				1F4B129F2B747198003FCF21 /* TableViewCell.xib in Resources */,
				1F4B126E2B73BECC003FCF21 /* Assets.xcassets in Resources */,
				1F4B126C2B73BECB003FCF21 /* Main.storyboard in Resources */,
				1F4B12A42B74816C003FCF21 /* HomeDetailViewController.xib in Resources */,
				1F4B129B2B745681003FCF21 /* HomeViewController.xib in Resources */,
			);
			runOnlyForDeploymentPostprocessing = 0;
		};
		1F4B12752B73BECD003FCF21 /* Resources */ = {
			isa = PBXResourcesBuildPhase;
			buildActionMask = 2147483647;
			files = (
			);
			runOnlyForDeploymentPostprocessing = 0;
		};
		1F4B127F2B73BECD003FCF21 /* Resources */ = {
			isa = PBXResourcesBuildPhase;
			buildActionMask = 2147483647;
			files = (
			);
			runOnlyForDeploymentPostprocessing = 0;
		};
/* End PBXResourcesBuildPhase section */

/* Begin PBXSourcesBuildPhase section */
		1F4B125D2B73BECB003FCF21 /* Sources */ = {
			isa = PBXSourcesBuildPhase;
			buildActionMask = 2147483647;
			files = (
				1F4B12A32B74816C003FCF21 /* HomeDetailViewController.swift in Sources */,
				1F4B129E2B747198003FCF21 /* TableViewCell.swift in Sources */,
				1F4B12692B73BECB003FCF21 /* ViewController.swift in Sources */,
				1F4B12652B73BECB003FCF21 /* AppDelegate.swift in Sources */,
				1F4B12962B745515003FCF21 /* BaseNavigationController.swift in Sources */,
				1F4B129A2B745681003FCF21 /* HomeViewController.swift in Sources */,
			);
			runOnlyForDeploymentPostprocessing = 0;
		};
		1F4B12732B73BECD003FCF21 /* Sources */ = {
			isa = PBXSourcesBuildPhase;
			buildActionMask = 2147483647;
			files = (
				1F4B127C2B73BECD003FCF21 /* iOS_TestingTests.swift in Sources */,
			);
			runOnlyForDeploymentPostprocessing = 0;
		};
		1F4B127D2B73BECD003FCF21 /* Sources */ = {
			isa = PBXSourcesBuildPhase;
			buildActionMask = 2147483647;
			files = (
				1F4B12862B73BECD003FCF21 /* iOS_TestingUITests.swift in Sources */,
				1F4B12882B73BECD003FCF21 /* iOS_TestingUITestsLaunchTests.swift in Sources */,
			);
			runOnlyForDeploymentPostprocessing = 0;
		};
/* End PBXSourcesBuildPhase section */

/* Begin PBXTargetDependency section */
		1F4B12792B73BECD003FCF21 /* PBXTargetDependency */ = {
			isa = PBXTargetDependency;
			target = 1F4B12602B73BECB003FCF21 /* iOS Testing */;
			targetProxy = 1F4B12782B73BECD003FCF21 /* PBXContainerItemProxy */;
		};
		1F4B12832B73BECD003FCF21 /* PBXTargetDependency */ = {
			isa = PBXTargetDependency;
			target = 1F4B12602B73BECB003FCF21 /* iOS Testing */;
			targetProxy = 1F4B12822B73BECD003FCF21 /* PBXContainerItemProxy */;
		};
/* End PBXTargetDependency section */

/* Begin PBXVariantGroup section */
		1F4B126A2B73BECB003FCF21 /* Main.storyboard */ = {
			isa = PBXVariantGroup;
			children = (
				1F4B126B2B73BECB003FCF21 /* Base */,
			);
			name = Main.storyboard;
			sourceTree = "<group>";
		};
		1F4B126F2B73BECC003FCF21 /* LaunchScreen.storyboard */ = {
			isa = PBXVariantGroup;
			children = (
				1F4B12702B73BECC003FCF21 /* Base */,
			);
			name = LaunchScreen.storyboard;
			sourceTree = "<group>";
		};
/* End PBXVariantGroup section */

/* Begin XCBuildConfiguration section */
		1F4B12892B73BECD003FCF21 /* Debug */ = {
			isa = XCBuildConfiguration;
			buildSettings = {
				ALWAYS_SEARCH_USER_PATHS = NO;
				CLANG_ANALYZER_NONNULL = YES;
				CLANG_ANALYZER_NUMBER_OBJECT_CONVERSION = YES_AGGRESSIVE;
				CLANG_CXX_LANGUAGE_STANDARD = "gnu++20";
				CLANG_ENABLE_MODULES = YES;
				CLANG_ENABLE_OBJC_ARC = YES;
				CLANG_ENABLE_OBJC_WEAK = YES;
				CLANG_WARN_BLOCK_CAPTURE_AUTORELEASING = YES;
				CLANG_WARN_BOOL_CONVERSION = YES;
				CLANG_WARN_COMMA = YES;
				CLANG_WARN_CONSTANT_CONVERSION = YES;
				CLANG_WARN_DEPRECATED_OBJC_IMPLEMENTATIONS = YES;
				CLANG_WARN_DIRECT_OBJC_ISA_USAGE = YES_ERROR;
				CLANG_WARN_DOCUMENTATION_COMMENTS = YES;
				CLANG_WARN_EMPTY_BODY = YES;
				CLANG_WARN_ENUM_CONVERSION = YES;
				CLANG_WARN_INFINITE_RECURSION = YES;
				CLANG_WARN_INT_CONVERSION = YES;
				CLANG_WARN_NON_LITERAL_NULL_CONVERSION = YES;
				CLANG_WARN_OBJC_IMPLICIT_RETAIN_SELF = YES;
				CLANG_WARN_OBJC_LITERAL_CONVERSION = YES;
				CLANG_WARN_OBJC_ROOT_CLASS = YES_ERROR;
				CLANG_WARN_QUOTED_INCLUDE_IN_FRAMEWORK_HEADER = YES;
				CLANG_WARN_RANGE_LOOP_ANALYSIS = YES;
				CLANG_WARN_STRICT_PROTOTYPES = YES;
				CLANG_WARN_SUSPICIOUS_MOVE = YES;
				CLANG_WARN_UNGUARDED_AVAILABILITY = YES_AGGRESSIVE;
				CLANG_WARN_UNREACHABLE_CODE = YES;
				CLANG_WARN__DUPLICATE_METHOD_MATCH = YES;
				COPY_PHASE_STRIP = NO;
				DEBUG_INFORMATION_FORMAT = dwarf;
				ENABLE_STRICT_OBJC_MSGSEND = YES;
				ENABLE_TESTABILITY = YES;
				GCC_C_LANGUAGE_STANDARD = gnu11;
				GCC_DYNAMIC_NO_PIC = NO;
				GCC_NO_COMMON_BLOCKS = YES;
				GCC_OPTIMIZATION_LEVEL = 0;
				GCC_PREPROCESSOR_DEFINITIONS = (
					"DEBUG=1",
					"$(inherited)",
				);
				GCC_WARN_64_TO_32_BIT_CONVERSION = YES;
				GCC_WARN_ABOUT_RETURN_TYPE = YES_ERROR;
				GCC_WARN_UNDECLARED_SELECTOR = YES;
				GCC_WARN_UNINITIALIZED_AUTOS = YES_AGGRESSIVE;
				GCC_WARN_UNUSED_FUNCTION = YES;
				GCC_WARN_UNUSED_VARIABLE = YES;
				IPHONEOS_DEPLOYMENT_TARGET = 16.2;
				MTL_ENABLE_DEBUG_INFO = INCLUDE_SOURCE;
				MTL_FAST_MATH = YES;
				ONLY_ACTIVE_ARCH = YES;
				SDKROOT = iphoneos;
				SWIFT_ACTIVE_COMPILATION_CONDITIONS = DEBUG;
				SWIFT_OPTIMIZATION_LEVEL = "-Onone";
			};
			name = Debug;
		};
		1F4B128A2B73BECD003FCF21 /* Release */ = {
			isa = XCBuildConfiguration;
			buildSettings = {
				ALWAYS_SEARCH_USER_PATHS = NO;
				CLANG_ANALYZER_NONNULL = YES;
				CLANG_ANALYZER_NUMBER_OBJECT_CONVERSION = YES_AGGRESSIVE;
				CLANG_CXX_LANGUAGE_STANDARD = "gnu++20";
				CLANG_ENABLE_MODULES = YES;
				CLANG_ENABLE_OBJC_ARC = YES;
				CLANG_ENABLE_OBJC_WEAK = YES;
				CLANG_WARN_BLOCK_CAPTURE_AUTORELEASING = YES;
				CLANG_WARN_BOOL_CONVERSION = YES;
				CLANG_WARN_COMMA = YES;
				CLANG_WARN_CONSTANT_CONVERSION = YES;
				CLANG_WARN_DEPRECATED_OBJC_IMPLEMENTATIONS = YES;
				CLANG_WARN_DIRECT_OBJC_ISA_USAGE = YES_ERROR;
				CLANG_WARN_DOCUMENTATION_COMMENTS = YES;
				CLANG_WARN_EMPTY_BODY = YES;
				CLANG_WARN_ENUM_CONVERSION = YES;
				CLANG_WARN_INFINITE_RECURSION = YES;
				CLANG_WARN_INT_CONVERSION = YES;
				CLANG_WARN_NON_LITERAL_NULL_CONVERSION = YES;
				CLANG_WARN_OBJC_IMPLICIT_RETAIN_SELF = YES;
				CLANG_WARN_OBJC_LITERAL_CONVERSION = YES;
				CLANG_WARN_OBJC_ROOT_CLASS = YES_ERROR;
				CLANG_WARN_QUOTED_INCLUDE_IN_FRAMEWORK_HEADER = YES;
				CLANG_WARN_RANGE_LOOP_ANALYSIS = YES;
				CLANG_WARN_STRICT_PROTOTYPES = YES;
				CLANG_WARN_SUSPICIOUS_MOVE = YES;
				CLANG_WARN_UNGUARDED_AVAILABILITY = YES_AGGRESSIVE;
				CLANG_WARN_UNREACHABLE_CODE = YES;
				CLANG_WARN__DUPLICATE_METHOD_MATCH = YES;
				COPY_PHASE_STRIP = NO;
				DEBUG_INFORMATION_FORMAT = "dwarf-with-dsym";
				ENABLE_NS_ASSERTIONS = NO;
				ENABLE_STRICT_OBJC_MSGSEND = YES;
				GCC_C_LANGUAGE_STANDARD = gnu11;
				GCC_NO_COMMON_BLOCKS = YES;
				GCC_WARN_64_TO_32_BIT_CONVERSION = YES;
				GCC_WARN_ABOUT_RETURN_TYPE = YES_ERROR;
				GCC_WARN_UNDECLARED_SELECTOR = YES;
				GCC_WARN_UNINITIALIZED_AUTOS = YES_AGGRESSIVE;
				GCC_WARN_UNUSED_FUNCTION = YES;
				GCC_WARN_UNUSED_VARIABLE = YES;
				IPHONEOS_DEPLOYMENT_TARGET = 16.2;
				MTL_ENABLE_DEBUG_INFO = NO;
				MTL_FAST_MATH = YES;
				SDKROOT = iphoneos;
				SWIFT_COMPILATION_MODE = wholemodule;
				SWIFT_OPTIMIZATION_LEVEL = "-O";
				VALIDATE_PRODUCT = YES;
			};
			name = Release;
		};
		1F4B128C2B73BECD003FCF21 /* Debug */ = {
			isa = XCBuildConfiguration;
			buildSettings = {
				ASSETCATALOG_COMPILER_APPICON_NAME = AppIcon;
				ASSETCATALOG_COMPILER_GLOBAL_ACCENT_COLOR_NAME = AccentColor;
				CODE_SIGN_STYLE = Automatic;
				CURRENT_PROJECT_VERSION = 1;
				DEVELOPMENT_TEAM = 9ZP5Z7BN3N;
				GENERATE_INFOPLIST_FILE = YES;
				INFOPLIST_FILE = "iOS Testing/Info.plist";
				INFOPLIST_KEY_UIApplicationSupportsIndirectInputEvents = YES;
				INFOPLIST_KEY_UILaunchStoryboardName = LaunchScreen;
				INFOPLIST_KEY_UIMainStoryboardFile = Main;
				INFOPLIST_KEY_UISupportedInterfaceOrientations_iPad = "UIInterfaceOrientationPortrait UIInterfaceOrientationPortraitUpsideDown UIInterfaceOrientationLandscapeLeft UIInterfaceOrientationLandscapeRight";
				INFOPLIST_KEY_UISupportedInterfaceOrientations_iPhone = "UIInterfaceOrientationPortrait UIInterfaceOrientationLandscapeLeft UIInterfaceOrientationLandscapeRight";
				LD_RUNPATH_SEARCH_PATHS = (
					"$(inherited)",
					"@executable_path/Frameworks",
				);
				MARKETING_VERSION = 1.0;
				PRODUCT_BUNDLE_IDENTIFIER = "Software-House.iOS-Testing";
				PRODUCT_NAME = "$(TARGET_NAME)";
				SWIFT_EMIT_LOC_STRINGS = YES;
				SWIFT_VERSION = 5.0;
				TARGETED_DEVICE_FAMILY = "1,2";
			};
			name = Debug;
		};
		1F4B128D2B73BECD003FCF21 /* Release */ = {
			isa = XCBuildConfiguration;
			buildSettings = {
				ASSETCATALOG_COMPILER_APPICON_NAME = AppIcon;
				ASSETCATALOG_COMPILER_GLOBAL_ACCENT_COLOR_NAME = AccentColor;
				CODE_SIGN_STYLE = Automatic;
				CURRENT_PROJECT_VERSION = 1;
				DEVELOPMENT_TEAM = 9ZP5Z7BN3N;
				GENERATE_INFOPLIST_FILE = YES;
				INFOPLIST_FILE = "iOS Testing/Info.plist";
				INFOPLIST_KEY_UIApplicationSupportsIndirectInputEvents = YES;
				INFOPLIST_KEY_UILaunchStoryboardName = LaunchScreen;
				INFOPLIST_KEY_UIMainStoryboardFile = Main;
				INFOPLIST_KEY_UISupportedInterfaceOrientations_iPad = "UIInterfaceOrientationPortrait UIInterfaceOrientationPortraitUpsideDown UIInterfaceOrientationLandscapeLeft UIInterfaceOrientationLandscapeRight";
				INFOPLIST_KEY_UISupportedInterfaceOrientations_iPhone = "UIInterfaceOrientationPortrait UIInterfaceOrientationLandscapeLeft UIInterfaceOrientationLandscapeRight";
				LD_RUNPATH_SEARCH_PATHS = (
					"$(inherited)",
					"@executable_path/Frameworks",
				);
				MARKETING_VERSION = 1.0;
				PRODUCT_BUNDLE_IDENTIFIER = "Software-House.iOS-Testing";
				PRODUCT_NAME = "$(TARGET_NAME)";
				SWIFT_EMIT_LOC_STRINGS = YES;
				SWIFT_VERSION = 5.0;
				TARGETED_DEVICE_FAMILY = "1,2";
			};
			name = Release;
		};
		1F4B128F2B73BECD003FCF21 /* Debug */ = {
			isa = XCBuildConfiguration;
			buildSettings = {
				ALWAYS_EMBED_SWIFT_STANDARD_LIBRARIES = YES;
				BUNDLE_LOADER = "$(TEST_HOST)";
				CODE_SIGN_STYLE = Automatic;
				CURRENT_PROJECT_VERSION = 1;
				DEVELOPMENT_TEAM = 9ZP5Z7BN3N;
				GENERATE_INFOPLIST_FILE = YES;
				IPHONEOS_DEPLOYMENT_TARGET = 16.2;
				MARKETING_VERSION = 1.0;
				PRODUCT_BUNDLE_IDENTIFIER = "Software-House.iOS-TestingTests";
				PRODUCT_NAME = "$(TARGET_NAME)";
				SWIFT_EMIT_LOC_STRINGS = NO;
				SWIFT_VERSION = 5.0;
				TARGETED_DEVICE_FAMILY = "1,2";
				TEST_HOST = "$(BUILT_PRODUCTS_DIR)/iOS Testing.app/$(BUNDLE_EXECUTABLE_FOLDER_PATH)/iOS Testing";
			};
			name = Debug;
		};
		1F4B12902B73BECD003FCF21 /* Release */ = {
			isa = XCBuildConfiguration;
			buildSettings = {
				ALWAYS_EMBED_SWIFT_STANDARD_LIBRARIES = YES;
				BUNDLE_LOADER = "$(TEST_HOST)";
				CODE_SIGN_STYLE = Automatic;
				CURRENT_PROJECT_VERSION = 1;
				DEVELOPMENT_TEAM = 9ZP5Z7BN3N;
				GENERATE_INFOPLIST_FILE = YES;
				IPHONEOS_DEPLOYMENT_TARGET = 16.2;
				MARKETING_VERSION = 1.0;
				PRODUCT_BUNDLE_IDENTIFIER = "Software-House.iOS-TestingTests";
				PRODUCT_NAME = "$(TARGET_NAME)";
				SWIFT_EMIT_LOC_STRINGS = NO;
				SWIFT_VERSION = 5.0;
				TARGETED_DEVICE_FAMILY = "1,2";
				TEST_HOST = "$(BUILT_PRODUCTS_DIR)/iOS Testing.app/$(BUNDLE_EXECUTABLE_FOLDER_PATH)/iOS Testing";
			};
			name = Release;
		};
		1F4B12922B73BECD003FCF21 /* Debug */ = {
			isa = XCBuildConfiguration;
			buildSettings = {
				ALWAYS_EMBED_SWIFT_STANDARD_LIBRARIES = YES;
				CODE_SIGN_STYLE = Automatic;
				CURRENT_PROJECT_VERSION = 1;
				DEVELOPMENT_TEAM = 9ZP5Z7BN3N;
				GENERATE_INFOPLIST_FILE = YES;
				MARKETING_VERSION = 1.0;
				PRODUCT_BUNDLE_IDENTIFIER = "Software-House.iOS-TestingUITests";
				PRODUCT_NAME = "$(TARGET_NAME)";
				SWIFT_EMIT_LOC_STRINGS = NO;
				SWIFT_VERSION = 5.0;
				TARGETED_DEVICE_FAMILY = "1,2";
				TEST_TARGET_NAME = "iOS Testing";
			};
			name = Debug;
		};
		1F4B12932B73BECD003FCF21 /* Release */ = {
			isa = XCBuildConfiguration;
			buildSettings = {
				ALWAYS_EMBED_SWIFT_STANDARD_LIBRARIES = YES;
				CODE_SIGN_STYLE = Automatic;
				CURRENT_PROJECT_VERSION = 1;
				DEVELOPMENT_TEAM = 9ZP5Z7BN3N;
				GENERATE_INFOPLIST_FILE = YES;
				MARKETING_VERSION = 1.0;
				PRODUCT_BUNDLE_IDENTIFIER = "Software-House.iOS-TestingUITests";
				PRODUCT_NAME = "$(TARGET_NAME)";
				SWIFT_EMIT_LOC_STRINGS = NO;
				SWIFT_VERSION = 5.0;
				TARGETED_DEVICE_FAMILY = "1,2";
				TEST_TARGET_NAME = "iOS Testing";
			};
			name = Release;
		};
/* End XCBuildConfiguration section */

/* Begin XCConfigurationList section */
		1F4B125C2B73BECA003FCF21 /* Build configuration list for PBXProject "iOS Testing" */ = {
			isa = XCConfigurationList;
			buildConfigurations = (
				1F4B12892B73BECD003FCF21 /* Debug */,
				1F4B128A2B73BECD003FCF21 /* Release */,
			);
			defaultConfigurationIsVisible = 0;
			defaultConfigurationName = Release;
		};
		1F4B128B2B73BECD003FCF21 /* Build configuration list for PBXNativeTarget "iOS Testing" */ = {
			isa = XCConfigurationList;
			buildConfigurations = (
				1F4B128C2B73BECD003FCF21 /* Debug */,
				1F4B128D2B73BECD003FCF21 /* Release */,
			);
			defaultConfigurationIsVisible = 0;
			defaultConfigurationName = Release;
		};
		1F4B128E2B73BECD003FCF21 /* Build configuration list for PBXNativeTarget "iOS TestingTests" */ = {
			isa = XCConfigurationList;
			buildConfigurations = (
				1F4B128F2B73BECD003FCF21 /* Debug */,
				1F4B12902B73BECD003FCF21 /* Release */,
			);
			defaultConfigurationIsVisible = 0;
			defaultConfigurationName = Release;
		};
		1F4B12912B73BECD003FCF21 /* Build configuration list for PBXNativeTarget "iOS TestingUITests" */ = {
			isa = XCConfigurationList;
			buildConfigurations = (
				1F4B12922B73BECD003FCF21 /* Debug */,
				1F4B12932B73BECD003FCF21 /* Release */,
			);
			defaultConfigurationIsVisible = 0;
			defaultConfigurationName = Release;
		};
/* End XCConfigurationList section */
	};
	rootObject = 1F4B12592B73BECA003FCF21 /* Project object */;
}
